#MicroXplorer Configuration settings - do not modify
Mcu.Family=STM32F4
ProjectManager.MainLocation=Core/Src
USB_HOST.IPParameters=VirtualModeFS,USBH_HandleTypeDef
ProjectManager.ProjectFileName=F401_AMIGA_HID.ioc
USART2.IPParameters=VirtualMode
RCC.CortexFreq_Value=84000000
ProjectManager.KeepUserCode=true
Mcu.UserName=STM32F401CCUx
Mcu.PinsNb=18
ProjectManager.NoMain=false
RCC.PLLCLKFreq_Value=84000000
RCC.PLLQCLKFreq_Value=48000000
ProjectManager.functionlistsort=1-MX_GPIO_Init-GPIO-false-HAL-true,2-SystemClock_Config-RCC-false-HAL-false,3-MX_USB_HOST_Init-USB_HOST-false-HAL-false,4-MX_USART2_UART_Init-USART2-false-HAL-true
PH1\ -\ OSC_OUT.Mode=HSE-External-Oscillator
PA11.Mode=Host_Only
RCC.RTCFreq_Value=32000
ProjectManager.DefaultFWLocation=true
VP_USB_HOST_VS_USB_HOST_HID_FS.Signal=USB_HOST_VS_USB_HOST_HID_FS
ProjectManager.DeletePrevious=true
RCC.APB1CLKDivider=RCC_HCLK_DIV2
PB10.Locked=true
VP_USB_HOST_VS_USB_HOST_HID_FS.Mode=HID_FS
PinOutPanel.RotationAngle=0
PC13-ANTI_TAMP.PinState=GPIO_PIN_SET
RCC.SYSCLKSource=RCC_SYSCLKSOURCE_PLLCLK
ProjectManager.StackSize=0x400
PA13.Signal=SYS_JTMS-SWDIO
PA3.Mode=Asynchronous
Mcu.IP4=USB_HOST
RCC.FCLKCortexFreq_Value=84000000
Mcu.IP5=USB_OTG_FS
NVIC.SVCall_IRQn=true\:0\:0\:false\:false\:true\:false\:false
Mcu.IP2=SYS
Mcu.IP3=USART2
Mcu.IP0=NVIC
Mcu.IP1=RCC
PA12.Signal=USB_OTG_FS_DP
PH0\ -\ OSC_IN.Mode=HSE-External-Oscillator
Mcu.UserConstants=
PH0\ -\ OSC_IN.Signal=RCC_OSC_IN
ProjectManager.TargetToolchain=STM32CubeIDE
Mcu.ThirdPartyNb=0
RCC.HCLKFreq_Value=84000000
Mcu.IPNb=6
RCC.I2SClocksFreq_Value=96000000
ProjectManager.PreviousToolchain=
RCC.APB2TimFreq_Value=84000000
RCC.VcooutputI2S=96000000
Mcu.Pin6=PA6
Mcu.Pin7=PA7
ProjectManager.RegisterCallBack=
Mcu.Pin8=PB0
Mcu.Pin9=PB1
RCC.LSE_VALUE=32768
RCC.AHBFreq_Value=84000000
Mcu.Pin0=PC13-ANTI_TAMP
PB1.Locked=true
Mcu.Pin1=PH0 - OSC_IN
GPIO.groupedBy=Group By Peripherals
Mcu.Pin2=PH1 - OSC_OUT
PB10.Signal=GPIO_Output
Mcu.Pin3=PA2
Mcu.Pin4=PA3
RCC.VCOI2SOutputFreq_Value=192000000
Mcu.Pin5=PA5
PA5.Signal=GPIO_Output
ProjectManager.ProjectBuild=false
RCC.HSE_VALUE=25000000
NVIC.UsageFault_IRQn=true\:0\:0\:false\:false\:true\:false\:false
NVIC.DebugMonitor_IRQn=true\:0\:0\:false\:false\:true\:false\:false
USB_OTG_FS.phy_itface=HCD_PHY_EMBEDDED
PH1\ -\ OSC_OUT.Signal=RCC_OSC_OUT
PB2.Signal=GPIO_Output
board=custom
PC13-ANTI_TAMP.Signal=GPIO_Output
RCC.VCOOutputFreq_Value=336000000
PC13-ANTI_TAMP.Locked=true
NVIC.SysTick_IRQn=true\:0\:0\:false\:false\:true\:false\:true
ProjectManager.LastFirmware=true
USB_HOST.VirtualModeFS=Hid
ProjectManager.FirmwarePackage=STM32Cube FW_F4 V1.26.1
MxDb.Version=DB.6.0.21
RCC.APB2Freq_Value=84000000
ProjectManager.BackupPrevious=false
MxCube.Version=6.2.1
RCC.VCOInputFreq_Value=1000000
PA14.Mode=Serial_Wire
File.Version=6
VP_SYS_VS_Systick.Mode=SysTick
NVIC.NonMaskableInt_IRQn=true\:0\:0\:false\:false\:true\:false\:false
NVIC.PendSV_IRQn=true\:0\:0\:false\:false\:true\:false\:false
PA13.Mode=Serial_Wire
ProjectManager.FreePins=false
RCC.IPParameters=48MHZClocksFreq_Value,AHBFreq_Value,APB1CLKDivider,APB1Freq_Value,APB1TimFreq_Value,APB2Freq_Value,APB2TimFreq_Value,CortexFreq_Value,FCLKCortexFreq_Value,HCLKFreq_Value,HSE_VALUE,HSI_VALUE,I2SClocksFreq_Value,LSE_VALUE,LSI_VALUE,PLLCLKFreq_Value,PLLM,PLLN,PLLP,PLLQ,PLLQCLKFreq_Value,RTCFreq_Value,RTCHSEDivFreq_Value,SYSCLKFreq_VALUE,SYSCLKSource,VCOI2SOutputFreq_Value,VCOInputFreq_Value,VCOOutputFreq_Value,VcooutputI2S
ProjectManager.AskForMigrate=true
Mcu.Name=STM32F401C(B-C)Ux
ProjectManager.HalAssertFull=false
PB0.Locked=true
RCC.RTCHSEDivFreq_Value=12500000
PA2.Signal=USART2_TX
ProjectManager.ProjectName=F401_AMIGA_HID
ProjectManager.UnderRoot=true
PB2.Locked=true
ProjectManager.CoupleFile=false
RCC.48MHZClocksFreq_Value=48000000
RCC.SYSCLKFreq_VALUE=84000000
Mcu.Package=UFQFPN48
PB1.Signal=GPIO_Output
PA6.Signal=GPIO_Output
PA5.Locked=true
PA7.Locked=true
PA12.Mode=Host_Only
NVIC.ForceEnableDMAVector=true
KeepUserPlacement=false
USART2.VirtualMode=VM_ASYNC
NVIC.MemoryManagement_IRQn=true\:0\:0\:false\:false\:true\:false\:false
NVIC.OTG_FS_IRQn=true\:0\:0\:false\:false\:true\:false\:true
ProjectManager.CompilerOptimize=6
ProjectManager.ToolChainLocation=
RCC.LSI_VALUE=32000
VP_SYS_VS_Systick.Signal=SYS_VS_Systick
PA11.Signal=USB_OTG_FS_DM
PA14.Signal=SYS_JTCK-SWCLK
USB_OTG_FS.VirtualMode=Host_Only
ProjectManager.HeapSize=0x200
Mcu.Pin15=PA14
NVIC.HardFault_IRQn=true\:0\:0\:false\:false\:true\:false\:false
Mcu.Pin16=VP_SYS_VS_Systick
Mcu.Pin13=PA12
Mcu.Pin14=PA13
ProjectManager.ComputerToolchain=false
Mcu.Pin17=VP_USB_HOST_VS_USB_HOST_HID_FS
RCC.HSI_VALUE=16000000
USB_HOST.USBH_HandleTypeDef=hUsbHostFS
RCC.PLLP=RCC_PLLP_DIV4
RCC.PLLQ=7
NVIC.PriorityGroup=NVIC_PRIORITYGROUP_4
Mcu.Pin11=PB10
Mcu.Pin12=PA11
RCC.PLLM=25
RCC.PLLN=336
Mcu.Pin10=PB2
RCC.APB1TimFreq_Value=84000000
PA2.Mode=Asynchronous
NVIC.BusFault_IRQn=true\:0\:0\:false\:false\:true\:false\:false
USB_OTG_FS.IPParameters=VirtualMode,phy_itface
RCC.APB1Freq_Value=42000000
PB0.Signal=GPIO_Output
ProjectManager.CustomerFirmwarePackage=
ProjectManager.DeviceId=STM32F401CCUx
ProjectManager.LibraryCopy=1
PA3.Signal=USART2_RX
PC13-ANTI_TAMP.GPIOParameters=PinState
PA7.Signal=GPIO_Output
PA6.Locked=true
isbadioc=false
